
Microsoft Visual Studio Solution File, Format Version 12.00
# Visual Studio Version 17
VisualStudioVersion = 17.0.32126.317
MinimumVisualStudioVersion = 10.0.40219.1
Project("{FAE04EC0-301F-11D3-BF4B-00C04F79EFBC}") = "EF_CodeFirst", "EF_CodeFirst\EF_CodeFirst.csproj", "{77D027F1-1B5E-4F38-AE7A-37633F7D911B}"
EndProject
Global
	GlobalSection(SolutionConfigurationPlatforms) = preSolution
		Debug|Any CPU = Debug|Any CPU
		Release|Any CPU = Release|Any CPU
	EndGlobalSection
	GlobalSection(ProjectConfigurationPlatforms) = postSolution
		{77D027F1-1B5E-4F38-AE7A-37633F7D911B}.Debug|Any CPU.ActiveCfg = Debug|Any CPU
		{77D027F1-1B5E-4F38-AE7A-37633F7D911B}.Debug|Any CPU.Build.0 = Debug|Any CPU
		{77D027F1-1B5E-4F38-AE7A-37633F7D911B}.Release|Any CPU.ActiveCfg = Release|Any CPU
		{77D027F1-1B5E-4F38-AE7A-37633F7D911B}.Release|Any CPU.Build.0 = Release|Any CPU
	EndGlobalSection
	GlobalSection(SolutionProperties) = preSolution
		HideSolutionNode = FALSE
	EndGlobalSection
	GlobalSection(ExtensibilityGlobals) = postSolution
		SolutionGuid = {055597EE-2CBD-4B03-A0E0-F4A213D097E9}
	EndGlobalSection
EndGlobal
